// !$*UTF8*$!
{
	archiveVersion = 1;
	classes = {
	};
	objectVersion = 46;
	objects = {

/* Begin PBXBuildFile section */
		5300420B20FE1AE600790623 /* Localizable.strings in Resources */ = {isa = PBXBuildFile; fileRef = 5300420D20FE1AE600790623 /* Localizable.strings */; };
		5300421120FE8E1500790623 /* InfoPlist.strings in Resources */ = {isa = PBXBuildFile; fileRef = 5300420F20FE8E1500790623 /* InfoPlist.strings */; };
		530D88291FF79E3F0054E501 /* StopsTableViewController.swift in Sources */ = {isa = PBXBuildFile; fileRef = 530D88281FF79E3E0054E501 /* StopsTableViewController.swift */; };
		5322A51A21C5736300158292 /* StopsInterfaceController.swift in Sources */ = {isa = PBXBuildFile; fileRef = 5322A51921C5736300158292 /* StopsInterfaceController.swift */; };
		5329C5921C70D448000E24F9 /* StopsTableCell.swift in Sources */ = {isa = PBXBuildFile; fileRef = 5329C5911C70D448000E24F9 /* StopsTableCell.swift */; };
		5329C5941C70DF91000E24F9 /* NextDeparturesTableViewController.swift in Sources */ = {isa = PBXBuildFile; fileRef = 5329C5931C70DF91000E24F9 /* NextDeparturesTableViewController.swift */; };
		5329C5961C70DFC9000E24F9 /* NextDepartureCell.swift in Sources */ = {isa = PBXBuildFile; fileRef = 5329C5951C70DFC9000E24F9 /* NextDepartureCell.swift */; };
		5329E698219B247B00CF66B2 /* PremiumViewController.swift in Sources */ = {isa = PBXBuildFile; fileRef = 5329E697219B247B00CF66B2 /* PremiumViewController.swift */; };
		5334BD72204159D90093CF36 /* Viiskulma.gpx in Resources */ = {isa = PBXBuildFile; fileRef = 539790B220415675007A6067 /* Viiskulma.gpx */; };
		533E1C4E1C512963001EA50B /* NearestStopsRow.swift in Sources */ = {isa = PBXBuildFile; fileRef = 533E1C4D1C512963001EA50B /* NearestStopsRow.swift */; };
		533E1C511C527B42001EA50B /* Interface.storyboard in Resources */ = {isa = PBXBuildFile; fileRef = 53E4ECDC1C2C06EC002F0107 /* Interface.storyboard */; };
		5349574D218437C3006007EC /* NoStopsLabel.swift in Sources */ = {isa = PBXBuildFile; fileRef = 5349574C218437C3006007EC /* NoStopsLabel.swift */; };
		53536FB31D6A4EAE004970E4 /* StopMapViewController.swift in Sources */ = {isa = PBXBuildFile; fileRef = 53536FB21D6A4EAE004970E4 /* StopMapViewController.swift */; };
		535D39741C38140E008D59C3 /* NearestStopsInterfaceController.swift in Sources */ = {isa = PBXBuildFile; fileRef = 535D39731C38140E008D59C3 /* NearestStopsInterfaceController.swift */; };
		536C435B1D42328700045CEF /* Util.swift in Sources */ = {isa = PBXBuildFile; fileRef = 536C435A1D42328700045CEF /* Util.swift */; };
		537E54FA21C3C61C00DAE4E0 /* WatchSession.swift in Sources */ = {isa = PBXBuildFile; fileRef = 537E54F921C3C61C00DAE4E0 /* WatchSession.swift */; };
		537E54FC21C3C72F00DAE4E0 /* WatchSession.swift in Sources */ = {isa = PBXBuildFile; fileRef = 537E54FB21C3C72F00DAE4E0 /* WatchSession.swift */; };
		539790B320415675007A6067 /* Viiskulma.gpx in Resources */ = {isa = PBXBuildFile; fileRef = 539790B220415675007A6067 /* Viiskulma.gpx */; };
		539B43E12269BF4100AE223E /* Departure+Extensions.swift in Sources */ = {isa = PBXBuildFile; fileRef = 539B43E02269BF4000AE223E /* Departure+Extensions.swift */; };
		539B43E32269C01400AE223E /* Departure+Extensions.swift in Sources */ = {isa = PBXBuildFile; fileRef = 539B43E02269BF4000AE223E /* Departure+Extensions.swift */; };
		539F1293219DBA5700D4CE6B /* AppTabBarController.swift in Sources */ = {isa = PBXBuildFile; fileRef = 539F1292219DBA5700D4CE6B /* AppTabBarController.swift */; };
		53A698EA217CC4300027AF5C /* FavoriteStopsTests.swift in Sources */ = {isa = PBXBuildFile; fileRef = 53A698E9217CC4300027AF5C /* FavoriteStopsTests.swift */; };
		53A698F1217CD2E20027AF5C /* DataFetchErrorUITests.swift in Sources */ = {isa = PBXBuildFile; fileRef = 53A698F0217CD2E20027AF5C /* DataFetchErrorUITests.swift */; };
		53AB83B021BA9E46007342CE /* MockIAPHelper.swift in Sources */ = {isa = PBXBuildFile; fileRef = 53AB83AF21BA9E46007342CE /* MockIAPHelper.swift */; };
		53C0F9CF21A58AD40026D981 /* StoreKit.framework in Frameworks */ = {isa = PBXBuildFile; fileRef = 53C0F9CE21A58AD40026D981 /* StoreKit.framework */; };
		53C0F9D121A708DA0026D981 /* Products.swift in Sources */ = {isa = PBXBuildFile; fileRef = 53C0F9D021A708DA0026D981 /* Products.swift */; };
		53C0F9D321A709750026D981 /* IAPHelper.swift in Sources */ = {isa = PBXBuildFile; fileRef = 53C0F9D221A709750026D981 /* IAPHelper.swift */; };
		53C0F9D521AD85370026D981 /* PremiumTabTests.swift in Sources */ = {isa = PBXBuildFile; fileRef = 53C0F9D421AD85370026D981 /* PremiumTabTests.swift */; };
		53C57D7E1D5F4EC1000F5BF1 /* LoadingIndicator.swift in Sources */ = {isa = PBXBuildFile; fileRef = 53C57D7D1D5F4EC1000F5BF1 /* LoadingIndicator.swift */; };
		53C8AB6321CE06E600ED3BDB /* Localizable.strings in Resources */ = {isa = PBXBuildFile; fileRef = 5300420D20FE1AE600790623 /* Localizable.strings */; };
		53CC472D1F459DEC00C1BE9A /* AllStopsMapViewController.swift in Sources */ = {isa = PBXBuildFile; fileRef = 53CC472C1F459DEC00C1BE9A /* AllStopsMapViewController.swift */; };
		53CC56961D590F45007828C8 /* FavoriteStops.swift in Sources */ = {isa = PBXBuildFile; fileRef = 53CC56951D590F45007828C8 /* FavoriteStops.swift */; };
		53E4ECB31C2C06EC002F0107 /* AppDelegate.swift in Sources */ = {isa = PBXBuildFile; fileRef = 53E4ECB21C2C06EC002F0107 /* AppDelegate.swift */; };
		53E4ECB81C2C06EC002F0107 /* Main.storyboard in Resources */ = {isa = PBXBuildFile; fileRef = 53E4ECB61C2C06EC002F0107 /* Main.storyboard */; settings = {ASSET_TAGS = (stopCode, ); }; };
		53E4ECBA1C2C06EC002F0107 /* Assets.xcassets in Resources */ = {isa = PBXBuildFile; fileRef = 53E4ECB91C2C06EC002F0107 /* Assets.xcassets */; };
		53E4ECBD1C2C06EC002F0107 /* LaunchScreen.storyboard in Resources */ = {isa = PBXBuildFile; fileRef = 53E4ECBB1C2C06EC002F0107 /* LaunchScreen.storyboard */; };
		53E4ECD31C2C06EC002F0107 /* NearestDeparturesUITests.swift in Sources */ = {isa = PBXBuildFile; fileRef = 53E4ECD21C2C06EC002F0107 /* NearestDeparturesUITests.swift */; };
		53E4ECD81C2C06EC002F0107 /* HSL Nearest Departures WatchKit App.app in Embed Watch Content */ = {isa = PBXBuildFile; fileRef = 53E4ECD71C2C06EC002F0107 /* HSL Nearest Departures WatchKit App.app */; };
		53E4ECDE1C2C06EC002F0107 /* Interface.storyboard in Resources */ = {isa = PBXBuildFile; fileRef = 53E4ECDC1C2C06EC002F0107 /* Interface.storyboard */; };
		53E4ECE01C2C06EC002F0107 /* Assets.xcassets in Resources */ = {isa = PBXBuildFile; fileRef = 53E4ECDF1C2C06EC002F0107 /* Assets.xcassets */; };
		53E4ECE71C2C06EC002F0107 /* HSL Nearest Departures WatchKit Extension.appex in Embed App Extensions */ = {isa = PBXBuildFile; fileRef = 53E4ECE61C2C06EC002F0107 /* HSL Nearest Departures WatchKit Extension.appex */; settings = {ATTRIBUTES = (RemoveHeadersOnCopy, ); }; };
		53E4ECF01C2C06EC002F0107 /* ExtensionDelegate.swift in Sources */ = {isa = PBXBuildFile; fileRef = 53E4ECEF1C2C06EC002F0107 /* ExtensionDelegate.swift */; };
		53E4ECF21C2C06EC002F0107 /* NotificationController.swift in Sources */ = {isa = PBXBuildFile; fileRef = 53E4ECF11C2C06EC002F0107 /* NotificationController.swift */; };
		53E4ECF41C2C06EC002F0107 /* Assets.xcassets in Resources */ = {isa = PBXBuildFile; fileRef = 53E4ECF31C2C06EC002F0107 /* Assets.xcassets */; };
		53EBAFAD20296DE100241EDF /* StopsTableViewControllerDelegate.swift in Sources */ = {isa = PBXBuildFile; fileRef = 53EBAFAC20296DE100241EDF /* StopsTableViewControllerDelegate.swift */; };
		53EBAFAF20296F8000241EDF /* NearestStopsDataSource.swift in Sources */ = {isa = PBXBuildFile; fileRef = 53EBAFAE20296F8000241EDF /* NearestStopsDataSource.swift */; };
		53F198551C52DA3A0044D3A4 /* NextDeparturesInterfaceController.swift in Sources */ = {isa = PBXBuildFile; fileRef = 53F198541C52DA3A0044D3A4 /* NextDeparturesInterfaceController.swift */; };
		53F536BB1C576A1C009C7039 /* NextDeparturesRow.swift in Sources */ = {isa = PBXBuildFile; fileRef = 53F536BA1C576A1C009C7039 /* NextDeparturesRow.swift */; };
		53F638D92029720C00EDC17E /* FavoriteStopsDataSource.swift in Sources */ = {isa = PBXBuildFile; fileRef = 53F638D82029720C00EDC17E /* FavoriteStopsDataSource.swift */; };
		53F638DB202972F200EDC17E /* ClusterStopsDataSource.swift in Sources */ = {isa = PBXBuildFile; fileRef = 53F638DA202972F200EDC17E /* ClusterStopsDataSource.swift */; };
		8EEDEF5A712C3264EED273A8 /* Pods_HSL_Nearest_Departures.framework in Frameworks */ = {isa = PBXBuildFile; fileRef = 7EF3D3B05385BD2BBD105510 /* Pods_HSL_Nearest_Departures.framework */; };
		A7874EAE7832CE30FEE6427C /* Pods_HSL_Nearest_DeparturesTests.framework in Frameworks */ = {isa = PBXBuildFile; fileRef = 08144E0E6DB38C1ABD902CB7 /* Pods_HSL_Nearest_DeparturesTests.framework */; };
		BC8157B15301915501D7588F /* Pods_HSL_Nearest_Departures_WatchKit_Extension.framework in Frameworks */ = {isa = PBXBuildFile; fileRef = 832789CD655D1A3910B6EAAA /* Pods_HSL_Nearest_Departures_WatchKit_Extension.framework */; };
/* End PBXBuildFile section */

/* Begin PBXContainerItemProxy section */
		53E4ECC41C2C06EC002F0107 /* PBXContainerItemProxy */ = {
			isa = PBXContainerItemProxy;
			containerPortal = 53E4ECA71C2C06EC002F0107 /* Project object */;
			proxyType = 1;
			remoteGlobalIDString = 53E4ECAE1C2C06EC002F0107;
			remoteInfo = "HSL Nearest Departures";
		};
		53E4ECCF1C2C06EC002F0107 /* PBXContainerItemProxy */ = {
			isa = PBXContainerItemProxy;
			containerPortal = 53E4ECA71C2C06EC002F0107 /* Project object */;
			proxyType = 1;
			remoteGlobalIDString = 53E4ECAE1C2C06EC002F0107;
			remoteInfo = "HSL Nearest Departures";
		};
		53E4ECD91C2C06EC002F0107 /* PBXContainerItemProxy */ = {
			isa = PBXContainerItemProxy;
			containerPortal = 53E4ECA71C2C06EC002F0107 /* Project object */;
			proxyType = 1;
			remoteGlobalIDString = 53E4ECD61C2C06EC002F0107;
			remoteInfo = "HSL Nearest Departures WatchKit App";
		};
		53E4ECE81C2C06EC002F0107 /* PBXContainerItemProxy */ = {
			isa = PBXContainerItemProxy;
			containerPortal = 53E4ECA71C2C06EC002F0107 /* Project object */;
			proxyType = 1;
			remoteGlobalIDString = 53E4ECE51C2C06EC002F0107;
			remoteInfo = "HSL Nearest Departures WatchKit Extension";
		};
/* End PBXContainerItemProxy section */

/* Begin PBXCopyFilesBuildPhase section */
		53E4ECFB1C2C06EC002F0107 /* Embed App Extensions */ = {
			isa = PBXCopyFilesBuildPhase;
			buildActionMask = 2147483647;
			dstPath = "";
			dstSubfolderSpec = 13;
			files = (
				53E4ECE71C2C06EC002F0107 /* HSL Nearest Departures WatchKit Extension.appex in Embed App Extensions */,
			);
			name = "Embed App Extensions";
			runOnlyForDeploymentPostprocessing = 0;
		};
		53E4ECFF1C2C06EC002F0107 /* Embed Watch Content */ = {
			isa = PBXCopyFilesBuildPhase;
			buildActionMask = 2147483647;
			dstPath = "$(CONTENTS_FOLDER_PATH)/Watch";
			dstSubfolderSpec = 16;
			files = (
				53E4ECD81C2C06EC002F0107 /* HSL Nearest Departures WatchKit App.app in Embed Watch Content */,
			);
			name = "Embed Watch Content";
			runOnlyForDeploymentPostprocessing = 0;
		};
/* End PBXCopyFilesBuildPhase section */

/* Begin PBXFileReference section */
		08144E0E6DB38C1ABD902CB7 /* Pods_HSL_Nearest_DeparturesTests.framework */ = {isa = PBXFileReference; explicitFileType = wrapper.framework; includeInIndex = 0; path = Pods_HSL_Nearest_DeparturesTests.framework; sourceTree = BUILT_PRODUCTS_DIR; };
		1C1545592905D5383A007D58 /* Pods-HSL Nearest Departures WatchKit Extension.release.xcconfig */ = {isa = PBXFileReference; includeInIndex = 1; lastKnownFileType = text.xcconfig; name = "Pods-HSL Nearest Departures WatchKit Extension.release.xcconfig"; path = "Pods/Target Support Files/Pods-HSL Nearest Departures WatchKit Extension/Pods-HSL Nearest Departures WatchKit Extension.release.xcconfig"; sourceTree = "<group>"; };
		20AC0637C9C3AAA4A5393498 /* Pods-HSL Nearest Departures WatchKit Extension.debug.xcconfig */ = {isa = PBXFileReference; includeInIndex = 1; lastKnownFileType = text.xcconfig; name = "Pods-HSL Nearest Departures WatchKit Extension.debug.xcconfig"; path = "Pods/Target Support Files/Pods-HSL Nearest Departures WatchKit Extension/Pods-HSL Nearest Departures WatchKit Extension.debug.xcconfig"; sourceTree = "<group>"; };
		5300420620FE181900790623 /* fi */ = {isa = PBXFileReference; lastKnownFileType = text.plist.strings; name = fi; path = fi.lproj/Main.strings; sourceTree = "<group>"; };
		5300420720FE181A00790623 /* fi */ = {isa = PBXFileReference; lastKnownFileType = text.plist.strings; name = fi; path = fi.lproj/LaunchScreen.strings; sourceTree = "<group>"; };
		5300420820FE181A00790623 /* fi */ = {isa = PBXFileReference; lastKnownFileType = text.plist.strings; name = fi; path = fi.lproj/Interface.strings; sourceTree = "<group>"; };
		5300420C20FE1AE600790623 /* fi */ = {isa = PBXFileReference; lastKnownFileType = text.plist.strings; name = fi; path = fi.lproj/Localizable.strings; sourceTree = "<group>"; };
		5300420E20FE1AEC00790623 /* en */ = {isa = PBXFileReference; lastKnownFileType = text.plist.strings; name = en; path = en.lproj/Localizable.strings; sourceTree = "<group>"; };
		5300421020FE8E1500790623 /* Base */ = {isa = PBXFileReference; lastKnownFileType = text.plist.strings; name = Base; path = Base.lproj/InfoPlist.strings; sourceTree = "<group>"; };
		5300421320FE8E3800790623 /* fi */ = {isa = PBXFileReference; lastKnownFileType = text.plist.strings; name = fi; path = fi.lproj/InfoPlist.strings; sourceTree = "<group>"; };
		5300421420FE94EC00790623 /* en */ = {isa = PBXFileReference; lastKnownFileType = text.plist.strings; name = en; path = en.lproj/InfoPlist.strings; sourceTree = "<group>"; };
		530D88281FF79E3E0054E501 /* StopsTableViewController.swift */ = {isa = PBXFileReference; lastKnownFileType = sourcecode.swift; path = StopsTableViewController.swift; sourceTree = "<group>"; };
		5322A51921C5736300158292 /* StopsInterfaceController.swift */ = {isa = PBXFileReference; lastKnownFileType = sourcecode.swift; path = StopsInterfaceController.swift; sourceTree = "<group>"; };
		5329C5911C70D448000E24F9 /* StopsTableCell.swift */ = {isa = PBXFileReference; fileEncoding = 4; lastKnownFileType = sourcecode.swift; path = StopsTableCell.swift; sourceTree = "<group>"; };
		5329C5931C70DF91000E24F9 /* NextDeparturesTableViewController.swift */ = {isa = PBXFileReference; fileEncoding = 4; lastKnownFileType = sourcecode.swift; path = NextDeparturesTableViewController.swift; sourceTree = "<group>"; };
		5329C5951C70DFC9000E24F9 /* NextDepartureCell.swift */ = {isa = PBXFileReference; fileEncoding = 4; lastKnownFileType = sourcecode.swift; path = NextDepartureCell.swift; sourceTree = "<group>"; };
		5329E697219B247B00CF66B2 /* PremiumViewController.swift */ = {isa = PBXFileReference; lastKnownFileType = sourcecode.swift; path = PremiumViewController.swift; sourceTree = "<group>"; };
		533E1C4D1C512963001EA50B /* NearestStopsRow.swift */ = {isa = PBXFileReference; fileEncoding = 4; lastKnownFileType = sourcecode.swift; path = NearestStopsRow.swift; sourceTree = "<group>"; };
		5349574C218437C3006007EC /* NoStopsLabel.swift */ = {isa = PBXFileReference; lastKnownFileType = sourcecode.swift; path = NoStopsLabel.swift; sourceTree = "<group>"; };
		53536FB21D6A4EAE004970E4 /* StopMapViewController.swift */ = {isa = PBXFileReference; fileEncoding = 4; lastKnownFileType = sourcecode.swift; path = StopMapViewController.swift; sourceTree = "<group>"; };
		535D39731C38140E008D59C3 /* NearestStopsInterfaceController.swift */ = {isa = PBXFileReference; fileEncoding = 4; lastKnownFileType = sourcecode.swift; path = NearestStopsInterfaceController.swift; sourceTree = "<group>"; };
		536C435A1D42328700045CEF /* Util.swift */ = {isa = PBXFileReference; fileEncoding = 4; lastKnownFileType = sourcecode.swift; path = Util.swift; sourceTree = "<group>"; };
		537E54F921C3C61C00DAE4E0 /* WatchSession.swift */ = {isa = PBXFileReference; lastKnownFileType = sourcecode.swift; path = WatchSession.swift; sourceTree = "<group>"; };
		537E54FB21C3C72F00DAE4E0 /* WatchSession.swift */ = {isa = PBXFileReference; lastKnownFileType = sourcecode.swift; path = WatchSession.swift; sourceTree = "<group>"; };
		539790B220415675007A6067 /* Viiskulma.gpx */ = {isa = PBXFileReference; lastKnownFileType = text.xml; path = Viiskulma.gpx; sourceTree = "<group>"; };
		539B43E02269BF4000AE223E /* Departure+Extensions.swift */ = {isa = PBXFileReference; fileEncoding = 4; lastKnownFileType = sourcecode.swift; path = "Departure+Extensions.swift"; sourceTree = "<group>"; };
		539F1292219DBA5700D4CE6B /* AppTabBarController.swift */ = {isa = PBXFileReference; lastKnownFileType = sourcecode.swift; path = AppTabBarController.swift; sourceTree = "<group>"; };
		53A698E9217CC4300027AF5C /* FavoriteStopsTests.swift */ = {isa = PBXFileReference; lastKnownFileType = sourcecode.swift; path = FavoriteStopsTests.swift; sourceTree = "<group>"; };
		53A698F0217CD2E20027AF5C /* DataFetchErrorUITests.swift */ = {isa = PBXFileReference; lastKnownFileType = sourcecode.swift; path = DataFetchErrorUITests.swift; sourceTree = "<group>"; };
		53AB83AF21BA9E46007342CE /* MockIAPHelper.swift */ = {isa = PBXFileReference; lastKnownFileType = sourcecode.swift; path = MockIAPHelper.swift; sourceTree = "<group>"; };
		53C0F9CE21A58AD40026D981 /* StoreKit.framework */ = {isa = PBXFileReference; lastKnownFileType = wrapper.framework; name = StoreKit.framework; path = System/Library/Frameworks/StoreKit.framework; sourceTree = SDKROOT; };
		53C0F9D021A708DA0026D981 /* Products.swift */ = {isa = PBXFileReference; lastKnownFileType = sourcecode.swift; path = Products.swift; sourceTree = "<group>"; };
		53C0F9D221A709750026D981 /* IAPHelper.swift */ = {isa = PBXFileReference; lastKnownFileType = sourcecode.swift; path = IAPHelper.swift; sourceTree = "<group>"; };
		53C0F9D421AD85370026D981 /* PremiumTabTests.swift */ = {isa = PBXFileReference; lastKnownFileType = sourcecode.swift; path = PremiumTabTests.swift; sourceTree = "<group>"; };
		53C57D7D1D5F4EC1000F5BF1 /* LoadingIndicator.swift */ = {isa = PBXFileReference; fileEncoding = 4; lastKnownFileType = sourcecode.swift; path = LoadingIndicator.swift; sourceTree = "<group>"; };
		53CC472C1F459DEC00C1BE9A /* AllStopsMapViewController.swift */ = {isa = PBXFileReference; fileEncoding = 4; lastKnownFileType = sourcecode.swift; path = AllStopsMapViewController.swift; sourceTree = "<group>"; };
		53CC56951D590F45007828C8 /* FavoriteStops.swift */ = {isa = PBXFileReference; fileEncoding = 4; lastKnownFileType = sourcecode.swift; path = FavoriteStops.swift; sourceTree = "<group>"; };
		53E4ECAF1C2C06EC002F0107 /* Lähimmät Lähdöt.app */ = {isa = PBXFileReference; explicitFileType = wrapper.application; includeInIndex = 0; path = "Lähimmät Lähdöt.app"; sourceTree = BUILT_PRODUCTS_DIR; };
		53E4ECB21C2C06EC002F0107 /* AppDelegate.swift */ = {isa = PBXFileReference; lastKnownFileType = sourcecode.swift; path = AppDelegate.swift; sourceTree = "<group>"; };
		53E4ECB71C2C06EC002F0107 /* Base */ = {isa = PBXFileReference; lastKnownFileType = file.storyboard; name = Base; path = Base.lproj/Main.storyboard; sourceTree = "<group>"; };
		53E4ECB91C2C06EC002F0107 /* Assets.xcassets */ = {isa = PBXFileReference; lastKnownFileType = folder.assetcatalog; path = Assets.xcassets; sourceTree = "<group>"; };
		53E4ECBC1C2C06EC002F0107 /* Base */ = {isa = PBXFileReference; lastKnownFileType = file.storyboard; name = Base; path = Base.lproj/LaunchScreen.storyboard; sourceTree = "<group>"; };
		53E4ECBE1C2C06EC002F0107 /* Info.plist */ = {isa = PBXFileReference; lastKnownFileType = text.plist.xml; path = Info.plist; sourceTree = "<group>"; };
		53E4ECC31C2C06EC002F0107 /* HSL Nearest DeparturesTests.xctest */ = {isa = PBXFileReference; explicitFileType = wrapper.cfbundle; includeInIndex = 0; path = "HSL Nearest DeparturesTests.xctest"; sourceTree = BUILT_PRODUCTS_DIR; };
		53E4ECC91C2C06EC002F0107 /* Info.plist */ = {isa = PBXFileReference; lastKnownFileType = text.plist.xml; path = Info.plist; sourceTree = "<group>"; };
		53E4ECCE1C2C06EC002F0107 /* HSL Nearest DeparturesUITests.xctest */ = {isa = PBXFileReference; explicitFileType = wrapper.cfbundle; includeInIndex = 0; path = "HSL Nearest DeparturesUITests.xctest"; sourceTree = BUILT_PRODUCTS_DIR; };
		53E4ECD21C2C06EC002F0107 /* NearestDeparturesUITests.swift */ = {isa = PBXFileReference; lastKnownFileType = sourcecode.swift; path = NearestDeparturesUITests.swift; sourceTree = "<group>"; };
		53E4ECD41C2C06EC002F0107 /* Info.plist */ = {isa = PBXFileReference; lastKnownFileType = text.plist.xml; path = Info.plist; sourceTree = "<group>"; };
		53E4ECD71C2C06EC002F0107 /* HSL Nearest Departures WatchKit App.app */ = {isa = PBXFileReference; explicitFileType = wrapper.application; includeInIndex = 0; path = "HSL Nearest Departures WatchKit App.app"; sourceTree = BUILT_PRODUCTS_DIR; };
		53E4ECDD1C2C06EC002F0107 /* Base */ = {isa = PBXFileReference; lastKnownFileType = file.storyboard; name = Base; path = Base.lproj/Interface.storyboard; sourceTree = "<group>"; };
		53E4ECDF1C2C06EC002F0107 /* Assets.xcassets */ = {isa = PBXFileReference; lastKnownFileType = folder.assetcatalog; path = Assets.xcassets; sourceTree = "<group>"; };
		53E4ECE11C2C06EC002F0107 /* Info.plist */ = {isa = PBXFileReference; lastKnownFileType = text.plist.xml; path = Info.plist; sourceTree = "<group>"; };
		53E4ECE61C2C06EC002F0107 /* HSL Nearest Departures WatchKit Extension.appex */ = {isa = PBXFileReference; explicitFileType = "wrapper.app-extension"; includeInIndex = 0; path = "HSL Nearest Departures WatchKit Extension.appex"; sourceTree = BUILT_PRODUCTS_DIR; };
		53E4ECEC1C2C06EC002F0107 /* PushNotificationPayload.apns */ = {isa = PBXFileReference; lastKnownFileType = text; path = PushNotificationPayload.apns; sourceTree = "<group>"; };
		53E4ECEF1C2C06EC002F0107 /* ExtensionDelegate.swift */ = {isa = PBXFileReference; lastKnownFileType = sourcecode.swift; path = ExtensionDelegate.swift; sourceTree = "<group>"; };
		53E4ECF11C2C06EC002F0107 /* NotificationController.swift */ = {isa = PBXFileReference; lastKnownFileType = sourcecode.swift; path = NotificationController.swift; sourceTree = "<group>"; };
		53E4ECF31C2C06EC002F0107 /* Assets.xcassets */ = {isa = PBXFileReference; lastKnownFileType = folder.assetcatalog; path = Assets.xcassets; sourceTree = "<group>"; };
		53E4ECF51C2C06EC002F0107 /* Info.plist */ = {isa = PBXFileReference; lastKnownFileType = text.plist.xml; path = Info.plist; sourceTree = "<group>"; };
		53EBAFAC20296DE100241EDF /* StopsTableViewControllerDelegate.swift */ = {isa = PBXFileReference; lastKnownFileType = sourcecode.swift; path = StopsTableViewControllerDelegate.swift; sourceTree = "<group>"; };
		53EBAFAE20296F8000241EDF /* NearestStopsDataSource.swift */ = {isa = PBXFileReference; lastKnownFileType = sourcecode.swift; path = NearestStopsDataSource.swift; sourceTree = "<group>"; };
		53F198541C52DA3A0044D3A4 /* NextDeparturesInterfaceController.swift */ = {isa = PBXFileReference; fileEncoding = 4; lastKnownFileType = sourcecode.swift; path = NextDeparturesInterfaceController.swift; sourceTree = "<group>"; };
		53F536BA1C576A1C009C7039 /* NextDeparturesRow.swift */ = {isa = PBXFileReference; fileEncoding = 4; lastKnownFileType = sourcecode.swift; path = NextDeparturesRow.swift; sourceTree = "<group>"; };
		53F638D82029720C00EDC17E /* FavoriteStopsDataSource.swift */ = {isa = PBXFileReference; lastKnownFileType = sourcecode.swift; path = FavoriteStopsDataSource.swift; sourceTree = "<group>"; };
		53F638DA202972F200EDC17E /* ClusterStopsDataSource.swift */ = {isa = PBXFileReference; lastKnownFileType = sourcecode.swift; path = ClusterStopsDataSource.swift; sourceTree = "<group>"; };
		7EF3D3B05385BD2BBD105510 /* Pods_HSL_Nearest_Departures.framework */ = {isa = PBXFileReference; explicitFileType = wrapper.framework; includeInIndex = 0; path = Pods_HSL_Nearest_Departures.framework; sourceTree = BUILT_PRODUCTS_DIR; };
		832789CD655D1A3910B6EAAA /* Pods_HSL_Nearest_Departures_WatchKit_Extension.framework */ = {isa = PBXFileReference; explicitFileType = wrapper.framework; includeInIndex = 0; path = Pods_HSL_Nearest_Departures_WatchKit_Extension.framework; sourceTree = BUILT_PRODUCTS_DIR; };
		A374D493A934579B1E266CE6 /* Pods-HSL Nearest DeparturesTests.release.xcconfig */ = {isa = PBXFileReference; includeInIndex = 1; lastKnownFileType = text.xcconfig; name = "Pods-HSL Nearest DeparturesTests.release.xcconfig"; path = "Pods/Target Support Files/Pods-HSL Nearest DeparturesTests/Pods-HSL Nearest DeparturesTests.release.xcconfig"; sourceTree = "<group>"; };
		AAB59B41D98889A20931D620 /* Pods-HSL Nearest Departures.debug.xcconfig */ = {isa = PBXFileReference; includeInIndex = 1; lastKnownFileType = text.xcconfig; name = "Pods-HSL Nearest Departures.debug.xcconfig"; path = "Pods/Target Support Files/Pods-HSL Nearest Departures/Pods-HSL Nearest Departures.debug.xcconfig"; sourceTree = "<group>"; };
		BA23433F43AEC5F83668722F /* Pods-HSL Nearest DeparturesTests.debug.xcconfig */ = {isa = PBXFileReference; includeInIndex = 1; lastKnownFileType = text.xcconfig; name = "Pods-HSL Nearest DeparturesTests.debug.xcconfig"; path = "Pods/Target Support Files/Pods-HSL Nearest DeparturesTests/Pods-HSL Nearest DeparturesTests.debug.xcconfig"; sourceTree = "<group>"; };
		FA9FD9B80104D409429114F4 /* Pods-HSL Nearest Departures.release.xcconfig */ = {isa = PBXFileReference; includeInIndex = 1; lastKnownFileType = text.xcconfig; name = "Pods-HSL Nearest Departures.release.xcconfig"; path = "Pods/Target Support Files/Pods-HSL Nearest Departures/Pods-HSL Nearest Departures.release.xcconfig"; sourceTree = "<group>"; };
/* End PBXFileReference section */

/* Begin PBXFrameworksBuildPhase section */
		53E4ECAC1C2C06EC002F0107 /* Frameworks */ = {
			isa = PBXFrameworksBuildPhase;
			buildActionMask = 2147483647;
			files = (
				53C0F9CF21A58AD40026D981 /* StoreKit.framework in Frameworks */,
				8EEDEF5A712C3264EED273A8 /* Pods_HSL_Nearest_Departures.framework in Frameworks */,
			);
			runOnlyForDeploymentPostprocessing = 0;
		};
		53E4ECC01C2C06EC002F0107 /* Frameworks */ = {
			isa = PBXFrameworksBuildPhase;
			buildActionMask = 2147483647;
			files = (
				A7874EAE7832CE30FEE6427C /* Pods_HSL_Nearest_DeparturesTests.framework in Frameworks */,
			);
			runOnlyForDeploymentPostprocessing = 0;
		};
		53E4ECCB1C2C06EC002F0107 /* Frameworks */ = {
			isa = PBXFrameworksBuildPhase;
			buildActionMask = 2147483647;
			files = (
			);
			runOnlyForDeploymentPostprocessing = 0;
		};
		53E4ECE31C2C06EC002F0107 /* Frameworks */ = {
			isa = PBXFrameworksBuildPhase;
			buildActionMask = 2147483647;
			files = (
				BC8157B15301915501D7588F /* Pods_HSL_Nearest_Departures_WatchKit_Extension.framework in Frameworks */,
			);
			runOnlyForDeploymentPostprocessing = 0;
		};
		9F1550C4D95FBE56E2771AD2 /* Frameworks */ = {
			isa = PBXFrameworksBuildPhase;
			buildActionMask = 2147483647;
			files = (
			);
			runOnlyForDeploymentPostprocessing = 0;
		};
/* End PBXFrameworksBuildPhase section */

/* Begin PBXGroup section */
		534665442117695500CFC8F4 /* Frameworks */ = {
			isa = PBXGroup;
			children = (
				53C0F9CE21A58AD40026D981 /* StoreKit.framework */,
				7EF3D3B05385BD2BBD105510 /* Pods_HSL_Nearest_Departures.framework */,
				832789CD655D1A3910B6EAAA /* Pods_HSL_Nearest_Departures_WatchKit_Extension.framework */,
				08144E0E6DB38C1ABD902CB7 /* Pods_HSL_Nearest_DeparturesTests.framework */,
			);
			name = Frameworks;
			sourceTree = "<group>";
		};
		53AB83AE21BA9AE4007342CE /* test */ = {
			isa = PBXGroup;
			children = (
				53AB83AF21BA9E46007342CE /* MockIAPHelper.swift */,
			);
			path = test;
			sourceTree = "<group>";
		};
		53E4ECA61C2C06EC002F0107 = {
			isa = PBXGroup;
			children = (
				53E4ECB11C2C06EC002F0107 /* HSL Nearest Departures */,
				53E4ECC61C2C06EC002F0107 /* HSL Nearest DeparturesTests */,
				53E4ECD11C2C06EC002F0107 /* HSL Nearest DeparturesUITests */,
				53E4ECDB1C2C06EC002F0107 /* HSL Nearest Departures WatchKit App */,
				53E4ECEA1C2C06EC002F0107 /* HSL Nearest Departures WatchKit Extension */,
				53E4ECB01C2C06EC002F0107 /* Products */,
				534665442117695500CFC8F4 /* Frameworks */,
				586839DC2D2905343C6B70D3 /* Pods */,
			);
			sourceTree = "<group>";
		};
		53E4ECB01C2C06EC002F0107 /* Products */ = {
			isa = PBXGroup;
			children = (
				53E4ECAF1C2C06EC002F0107 /* Lähimmät Lähdöt.app */,
				53E4ECC31C2C06EC002F0107 /* HSL Nearest DeparturesTests.xctest */,
				53E4ECCE1C2C06EC002F0107 /* HSL Nearest DeparturesUITests.xctest */,
				53E4ECD71C2C06EC002F0107 /* HSL Nearest Departures WatchKit App.app */,
				53E4ECE61C2C06EC002F0107 /* HSL Nearest Departures WatchKit Extension.appex */,
			);
			name = Products;
			sourceTree = "<group>";
		};
		53E4ECB11C2C06EC002F0107 /* HSL Nearest Departures */ = {
			isa = PBXGroup;
			children = (
				539B43E02269BF4000AE223E /* Departure+Extensions.swift */,
				53AB83AE21BA9AE4007342CE /* test */,
				53EBAFAB20296D8500241EDF /* StopsTableView */,
				53C57D7D1D5F4EC1000F5BF1 /* LoadingIndicator.swift */,
				53CC56951D590F45007828C8 /* FavoriteStops.swift */,
				53E4ECB21C2C06EC002F0107 /* AppDelegate.swift */,
				53E4ECB61C2C06EC002F0107 /* Main.storyboard */,
				53E4ECB91C2C06EC002F0107 /* Assets.xcassets */,
				53E4ECBB1C2C06EC002F0107 /* LaunchScreen.storyboard */,
				53E4ECBE1C2C06EC002F0107 /* Info.plist */,
				5329C5931C70DF91000E24F9 /* NextDeparturesTableViewController.swift */,
				5329C5951C70DFC9000E24F9 /* NextDepartureCell.swift */,
				53536FB21D6A4EAE004970E4 /* StopMapViewController.swift */,
				53CC472C1F459DEC00C1BE9A /* AllStopsMapViewController.swift */,
				5300420D20FE1AE600790623 /* Localizable.strings */,
				5300420F20FE8E1500790623 /* InfoPlist.strings */,
				5329E697219B247B00CF66B2 /* PremiumViewController.swift */,
				539F1292219DBA5700D4CE6B /* AppTabBarController.swift */,
				53C0F9D021A708DA0026D981 /* Products.swift */,
				53C0F9D221A709750026D981 /* IAPHelper.swift */,
				537E54F921C3C61C00DAE4E0 /* WatchSession.swift */,
			);
			path = "HSL Nearest Departures";
			sourceTree = "<group>";
		};
		53E4ECC61C2C06EC002F0107 /* HSL Nearest DeparturesTests */ = {
			isa = PBXGroup;
			children = (
				53E4ECC91C2C06EC002F0107 /* Info.plist */,
				53A698E9217CC4300027AF5C /* FavoriteStopsTests.swift */,
			);
			path = "HSL Nearest DeparturesTests";
			sourceTree = "<group>";
		};
		53E4ECD11C2C06EC002F0107 /* HSL Nearest DeparturesUITests */ = {
			isa = PBXGroup;
			children = (
				53E4ECD21C2C06EC002F0107 /* NearestDeparturesUITests.swift */,
				53E4ECD41C2C06EC002F0107 /* Info.plist */,
				539790B220415675007A6067 /* Viiskulma.gpx */,
				53A698F0217CD2E20027AF5C /* DataFetchErrorUITests.swift */,
				53C0F9D421AD85370026D981 /* PremiumTabTests.swift */,
			);
			path = "HSL Nearest DeparturesUITests";
			sourceTree = "<group>";
		};
		53E4ECDB1C2C06EC002F0107 /* HSL Nearest Departures WatchKit App */ = {
			isa = PBXGroup;
			children = (
				53E4ECDC1C2C06EC002F0107 /* Interface.storyboard */,
				53E4ECDF1C2C06EC002F0107 /* Assets.xcassets */,
				53E4ECE11C2C06EC002F0107 /* Info.plist */,
			);
			path = "HSL Nearest Departures WatchKit App";
			sourceTree = "<group>";
		};
		53E4ECEA1C2C06EC002F0107 /* HSL Nearest Departures WatchKit Extension */ = {
			isa = PBXGroup;
			children = (
				53E4ECEF1C2C06EC002F0107 /* ExtensionDelegate.swift */,
				53E4ECF11C2C06EC002F0107 /* NotificationController.swift */,
				53E4ECF31C2C06EC002F0107 /* Assets.xcassets */,
				53E4ECF51C2C06EC002F0107 /* Info.plist */,
				53E4ECEB1C2C06EC002F0107 /* Supporting Files */,
				535D39731C38140E008D59C3 /* NearestStopsInterfaceController.swift */,
				533E1C4D1C512963001EA50B /* NearestStopsRow.swift */,
				53F198541C52DA3A0044D3A4 /* NextDeparturesInterfaceController.swift */,
				53F536BA1C576A1C009C7039 /* NextDeparturesRow.swift */,
				536C435A1D42328700045CEF /* Util.swift */,
				537E54FB21C3C72F00DAE4E0 /* WatchSession.swift */,
				5322A51921C5736300158292 /* StopsInterfaceController.swift */,
			);
			path = "HSL Nearest Departures WatchKit Extension";
			sourceTree = "<group>";
		};
		53E4ECEB1C2C06EC002F0107 /* Supporting Files */ = {
			isa = PBXGroup;
			children = (
				53E4ECEC1C2C06EC002F0107 /* PushNotificationPayload.apns */,
			);
			name = "Supporting Files";
			sourceTree = "<group>";
		};
		53EBAFAB20296D8500241EDF /* StopsTableView */ = {
			isa = PBXGroup;
			children = (
				5329C5911C70D448000E24F9 /* StopsTableCell.swift */,
				530D88281FF79E3E0054E501 /* StopsTableViewController.swift */,
				53EBAFAC20296DE100241EDF /* StopsTableViewControllerDelegate.swift */,
				53EBAFAE20296F8000241EDF /* NearestStopsDataSource.swift */,
				53F638D82029720C00EDC17E /* FavoriteStopsDataSource.swift */,
				53F638DA202972F200EDC17E /* ClusterStopsDataSource.swift */,
				5349574C218437C3006007EC /* NoStopsLabel.swift */,
			);
			path = StopsTableView;
			sourceTree = "<group>";
		};
		586839DC2D2905343C6B70D3 /* Pods */ = {
			isa = PBXGroup;
			children = (
				AAB59B41D98889A20931D620 /* Pods-HSL Nearest Departures.debug.xcconfig */,
				FA9FD9B80104D409429114F4 /* Pods-HSL Nearest Departures.release.xcconfig */,
				20AC0637C9C3AAA4A5393498 /* Pods-HSL Nearest Departures WatchKit Extension.debug.xcconfig */,
				1C1545592905D5383A007D58 /* Pods-HSL Nearest Departures WatchKit Extension.release.xcconfig */,
				BA23433F43AEC5F83668722F /* Pods-HSL Nearest DeparturesTests.debug.xcconfig */,
				A374D493A934579B1E266CE6 /* Pods-HSL Nearest DeparturesTests.release.xcconfig */,
			);
			name = Pods;
			sourceTree = "<group>";
		};
/* End PBXGroup section */

/* Begin PBXNativeTarget section */
		53E4ECAE1C2C06EC002F0107 /* HSL Nearest Departures */ = {
			isa = PBXNativeTarget;
			buildConfigurationList = 53E4ED001C2C06EC002F0107 /* Build configuration list for PBXNativeTarget "HSL Nearest Departures" */;
			buildPhases = (
				050830ACFE47432E32EEDF9D /* [CP] Check Pods Manifest.lock */,
				53E4ECAB1C2C06EC002F0107 /* Sources */,
				53E4ECAC1C2C06EC002F0107 /* Frameworks */,
				53E4ECAD1C2C06EC002F0107 /* Resources */,
				53E4ECFF1C2C06EC002F0107 /* Embed Watch Content */,
				05B5D30C5CE84E8721F0E275 /* [CP] Embed Pods Frameworks */,
			);
			buildRules = (
			);
			dependencies = (
				53E4ECDA1C2C06EC002F0107 /* PBXTargetDependency */,
			);
			name = "HSL Nearest Departures";
			productName = "HSL Nearest Departures";
			productReference = 53E4ECAF1C2C06EC002F0107 /* Lähimmät Lähdöt.app */;
			productType = "com.apple.product-type.application";
		};
		53E4ECC21C2C06EC002F0107 /* HSL Nearest DeparturesTests */ = {
			isa = PBXNativeTarget;
			buildConfigurationList = 53E4ED031C2C06EC002F0107 /* Build configuration list for PBXNativeTarget "HSL Nearest DeparturesTests" */;
			buildPhases = (
				40E80B8019E77C493E1AE258 /* [CP] Check Pods Manifest.lock */,
				53E4ECBF1C2C06EC002F0107 /* Sources */,
				53E4ECC01C2C06EC002F0107 /* Frameworks */,
				53E4ECC11C2C06EC002F0107 /* Resources */,
				45DA3A3503D5E88604130CC4 /* [CP] Embed Pods Frameworks */,
			);
			buildRules = (
			);
			dependencies = (
				53E4ECC51C2C06EC002F0107 /* PBXTargetDependency */,
			);
			name = "HSL Nearest DeparturesTests";
			productName = "HSL Nearest DeparturesTests";
			productReference = 53E4ECC31C2C06EC002F0107 /* HSL Nearest DeparturesTests.xctest */;
			productType = "com.apple.product-type.bundle.unit-test";
		};
		53E4ECCD1C2C06EC002F0107 /* HSL Nearest DeparturesUITests */ = {
			isa = PBXNativeTarget;
			buildConfigurationList = 53E4ED061C2C06EC002F0107 /* Build configuration list for PBXNativeTarget "HSL Nearest DeparturesUITests" */;
			buildPhases = (
				53E4ECCA1C2C06EC002F0107 /* Sources */,
				53E4ECCB1C2C06EC002F0107 /* Frameworks */,
				53E4ECCC1C2C06EC002F0107 /* Resources */,
			);
			buildRules = (
			);
			dependencies = (
				53E4ECD01C2C06EC002F0107 /* PBXTargetDependency */,
			);
			name = "HSL Nearest DeparturesUITests";
			productName = "HSL Nearest DeparturesUITests";
			productReference = 53E4ECCE1C2C06EC002F0107 /* HSL Nearest DeparturesUITests.xctest */;
			productType = "com.apple.product-type.bundle.ui-testing";
		};
		53E4ECD61C2C06EC002F0107 /* HSL Nearest Departures WatchKit App */ = {
			isa = PBXNativeTarget;
			buildConfigurationList = 53E4ECFC1C2C06EC002F0107 /* Build configuration list for PBXNativeTarget "HSL Nearest Departures WatchKit App" */;
			buildPhases = (
				53E4ECD51C2C06EC002F0107 /* Resources */,
				53E4ECFB1C2C06EC002F0107 /* Embed App Extensions */,
				9F1550C4D95FBE56E2771AD2 /* Frameworks */,
			);
			buildRules = (
			);
			dependencies = (
				53E4ECE91C2C06EC002F0107 /* PBXTargetDependency */,
			);
			name = "HSL Nearest Departures WatchKit App";
			productName = "HSL Nearest Departures WatchKit App";
			productReference = 53E4ECD71C2C06EC002F0107 /* HSL Nearest Departures WatchKit App.app */;
			productType = "com.apple.product-type.application.watchapp2";
		};
		53E4ECE51C2C06EC002F0107 /* HSL Nearest Departures WatchKit Extension */ = {
			isa = PBXNativeTarget;
			buildConfigurationList = 53E4ECF81C2C06EC002F0107 /* Build configuration list for PBXNativeTarget "HSL Nearest Departures WatchKit Extension" */;
			buildPhases = (
				7E20D3FC335C5C6A017C98BA /* [CP] Check Pods Manifest.lock */,
				53E4ECE21C2C06EC002F0107 /* Sources */,
				53E4ECE31C2C06EC002F0107 /* Frameworks */,
				53E4ECE41C2C06EC002F0107 /* Resources */,
				9C172E2C0D2C1D143C75B617 /* [CP] Embed Pods Frameworks */,
			);
			buildRules = (
			);
			dependencies = (
			);
			name = "HSL Nearest Departures WatchKit Extension";
			productName = "HSL Nearest Departures WatchKit Extension";
			productReference = 53E4ECE61C2C06EC002F0107 /* HSL Nearest Departures WatchKit Extension.appex */;
			productType = "com.apple.product-type.watchkit2-extension";
		};
/* End PBXNativeTarget section */

/* Begin PBXProject section */
		53E4ECA71C2C06EC002F0107 /* Project object */ = {
			isa = PBXProject;
			attributes = {
				KnownAssetTags = (
					stopCode,
				);
				LastSwiftUpdateCheck = 0720;
				LastUpgradeCheck = 0940;
				ORGANIZATIONNAME = "Toni Suominen";
				TargetAttributes = {
					53E4ECAE1C2C06EC002F0107 = {
						CreatedOnToolsVersion = 7.2;
						DevelopmentTeam = JV8CWWLSL8;
						LastSwiftMigration = 1100;
						SystemCapabilities = {
							com.apple.InAppPurchase = {
								enabled = 1;
							};
						};
					};
					53E4ECC21C2C06EC002F0107 = {
						CreatedOnToolsVersion = 7.2;
						LastSwiftMigration = 1100;
						TestTargetID = 53E4ECAE1C2C06EC002F0107;
					};
					53E4ECCD1C2C06EC002F0107 = {
						CreatedOnToolsVersion = 7.2;
						LastSwiftMigration = 1100;
						TestTargetID = 53E4ECAE1C2C06EC002F0107;
					};
					53E4ECD61C2C06EC002F0107 = {
						CreatedOnToolsVersion = 7.2;
						DevelopmentTeam = JV8CWWLSL8;
						LastSwiftMigration = 0900;
					};
					53E4ECE51C2C06EC002F0107 = {
						CreatedOnToolsVersion = 7.2;
						DevelopmentTeam = JV8CWWLSL8;
						LastSwiftMigration = 1100;
					};
				};
			};
			buildConfigurationList = 53E4ECAA1C2C06EC002F0107 /* Build configuration list for PBXProject "HSL Nearest Departures" */;
			compatibilityVersion = "Xcode 3.2";
			developmentRegion = English;
			hasScannedForEncodings = 0;
			knownRegions = (
				English,
				en,
				Base,
				fi,
			);
			mainGroup = 53E4ECA61C2C06EC002F0107;
			productRefGroup = 53E4ECB01C2C06EC002F0107 /* Products */;
			projectDirPath = "";
			projectRoot = "";
			targets = (
				53E4ECAE1C2C06EC002F0107 /* HSL Nearest Departures */,
				53E4ECC21C2C06EC002F0107 /* HSL Nearest DeparturesTests */,
				53E4ECCD1C2C06EC002F0107 /* HSL Nearest DeparturesUITests */,
				53E4ECD61C2C06EC002F0107 /* HSL Nearest Departures WatchKit App */,
				53E4ECE51C2C06EC002F0107 /* HSL Nearest Departures WatchKit Extension */,
			);
		};
/* End PBXProject section */

/* Begin PBXResourcesBuildPhase section */
		53E4ECAD1C2C06EC002F0107 /* Resources */ = {
			isa = PBXResourcesBuildPhase;
			buildActionMask = 2147483647;
			files = (
				5300420B20FE1AE600790623 /* Localizable.strings in Resources */,
				5300421120FE8E1500790623 /* InfoPlist.strings in Resources */,
				53E4ECBD1C2C06EC002F0107 /* LaunchScreen.storyboard in Resources */,
				53E4ECBA1C2C06EC002F0107 /* Assets.xcassets in Resources */,
				53E4ECB81C2C06EC002F0107 /* Main.storyboard in Resources */,
				5334BD72204159D90093CF36 /* Viiskulma.gpx in Resources */,
			);
			runOnlyForDeploymentPostprocessing = 0;
		};
		53E4ECC11C2C06EC002F0107 /* Resources */ = {
			isa = PBXResourcesBuildPhase;
			buildActionMask = 2147483647;
			files = (
			);
			runOnlyForDeploymentPostprocessing = 0;
		};
		53E4ECCC1C2C06EC002F0107 /* Resources */ = {
			isa = PBXResourcesBuildPhase;
			buildActionMask = 2147483647;
			files = (
				539790B320415675007A6067 /* Viiskulma.gpx in Resources */,
			);
			runOnlyForDeploymentPostprocessing = 0;
		};
		53E4ECD51C2C06EC002F0107 /* Resources */ = {
			isa = PBXResourcesBuildPhase;
			buildActionMask = 2147483647;
			files = (
				53E4ECE01C2C06EC002F0107 /* Assets.xcassets in Resources */,
				53E4ECDE1C2C06EC002F0107 /* Interface.storyboard in Resources */,
			);
			runOnlyForDeploymentPostprocessing = 0;
		};
		53E4ECE41C2C06EC002F0107 /* Resources */ = {
			isa = PBXResourcesBuildPhase;
			buildActionMask = 2147483647;
			files = (
				53E4ECF41C2C06EC002F0107 /* Assets.xcassets in Resources */,
				53C8AB6321CE06E600ED3BDB /* Localizable.strings in Resources */,
				533E1C511C527B42001EA50B /* Interface.storyboard in Resources */,
			);
			runOnlyForDeploymentPostprocessing = 0;
		};
/* End PBXResourcesBuildPhase section */

/* Begin PBXShellScriptBuildPhase section */
		050830ACFE47432E32EEDF9D /* [CP] Check Pods Manifest.lock */ = {
			isa = PBXShellScriptBuildPhase;
			buildActionMask = 2147483647;
			files = (
			);
			inputFileListPaths = (
			);
			inputPaths = (
				"${PODS_PODFILE_DIR_PATH}/Podfile.lock",
				"${PODS_ROOT}/Manifest.lock",
			);
			name = "[CP] Check Pods Manifest.lock";
			outputFileListPaths = (
			);
			outputPaths = (
				"$(DERIVED_FILE_DIR)/Pods-HSL Nearest Departures-checkManifestLockResult.txt",
			);
			runOnlyForDeploymentPostprocessing = 0;
			shellPath = /bin/sh;
			shellScript = "diff \"${PODS_PODFILE_DIR_PATH}/Podfile.lock\" \"${PODS_ROOT}/Manifest.lock\" > /dev/null\nif [ $? != 0 ] ; then\n    # print error to STDERR\n    echo \"error: The sandbox is not in sync with the Podfile.lock. Run 'pod install' or update your CocoaPods installation.\" >&2\n    exit 1\nfi\n# This output is used by Xcode 'outputs' to avoid re-running this script phase.\necho \"SUCCESS\" > \"${SCRIPT_OUTPUT_FILE_0}\"\n";
			showEnvVarsInLog = 0;
		};
		05B5D30C5CE84E8721F0E275 /* [CP] Embed Pods Frameworks */ = {
			isa = PBXShellScriptBuildPhase;
			buildActionMask = 2147483647;
			files = (
			);
			inputPaths = (
				"${PODS_ROOT}/Target Support Files/Pods-HSL Nearest Departures/Pods-HSL Nearest Departures-frameworks.sh",
				"${BUILT_PRODUCTS_DIR}/NearestDeparturesDigitransit-iOS9.3/NearestDeparturesDigitransit.framework",
			);
			name = "[CP] Embed Pods Frameworks";
			outputPaths = (
				"${TARGET_BUILD_DIR}/${FRAMEWORKS_FOLDER_PATH}/NearestDeparturesDigitransit.framework",
			);
			runOnlyForDeploymentPostprocessing = 0;
			shellPath = /bin/sh;
			shellScript = "\"${PODS_ROOT}/Target Support Files/Pods-HSL Nearest Departures/Pods-HSL Nearest Departures-frameworks.sh\"\n";
			showEnvVarsInLog = 0;
		};
		40E80B8019E77C493E1AE258 /* [CP] Check Pods Manifest.lock */ = {
			isa = PBXShellScriptBuildPhase;
			buildActionMask = 2147483647;
			files = (
			);
			inputFileListPaths = (
			);
			inputPaths = (
				"${PODS_PODFILE_DIR_PATH}/Podfile.lock",
				"${PODS_ROOT}/Manifest.lock",
			);
			name = "[CP] Check Pods Manifest.lock";
			outputFileListPaths = (
			);
			outputPaths = (
				"$(DERIVED_FILE_DIR)/Pods-HSL Nearest DeparturesTests-checkManifestLockResult.txt",
			);
			runOnlyForDeploymentPostprocessing = 0;
			shellPath = /bin/sh;
			shellScript = "diff \"${PODS_PODFILE_DIR_PATH}/Podfile.lock\" \"${PODS_ROOT}/Manifest.lock\" > /dev/null\nif [ $? != 0 ] ; then\n    # print error to STDERR\n    echo \"error: The sandbox is not in sync with the Podfile.lock. Run 'pod install' or update your CocoaPods installation.\" >&2\n    exit 1\nfi\n# This output is used by Xcode 'outputs' to avoid re-running this script phase.\necho \"SUCCESS\" > \"${SCRIPT_OUTPUT_FILE_0}\"\n";
			showEnvVarsInLog = 0;
		};
		45DA3A3503D5E88604130CC4 /* [CP] Embed Pods Frameworks */ = {
			isa = PBXShellScriptBuildPhase;
			buildActionMask = 2147483647;
			files = (
			);
			inputPaths = (
				"${PODS_ROOT}/Target Support Files/Pods-HSL Nearest DeparturesTests/Pods-HSL Nearest DeparturesTests-frameworks.sh",
				"${BUILT_PRODUCTS_DIR}/NearestDeparturesDigitransit-iOS10.0/NearestDeparturesDigitransit.framework",
			);
			name = "[CP] Embed Pods Frameworks";
			outputPaths = (
				"${TARGET_BUILD_DIR}/${FRAMEWORKS_FOLDER_PATH}/NearestDeparturesDigitransit.framework",
			);
			runOnlyForDeploymentPostprocessing = 0;
			shellPath = /bin/sh;
			shellScript = "\"${PODS_ROOT}/Target Support Files/Pods-HSL Nearest DeparturesTests/Pods-HSL Nearest DeparturesTests-frameworks.sh\"\n";
			showEnvVarsInLog = 0;
		};
		7E20D3FC335C5C6A017C98BA /* [CP] Check Pods Manifest.lock */ = {
			isa = PBXShellScriptBuildPhase;
			buildActionMask = 2147483647;
			files = (
			);
			inputFileListPaths = (
			);
			inputPaths = (
				"${PODS_PODFILE_DIR_PATH}/Podfile.lock",
				"${PODS_ROOT}/Manifest.lock",
			);
			name = "[CP] Check Pods Manifest.lock";
			outputFileListPaths = (
			);
			outputPaths = (
				"$(DERIVED_FILE_DIR)/Pods-HSL Nearest Departures WatchKit Extension-checkManifestLockResult.txt",
			);
			runOnlyForDeploymentPostprocessing = 0;
			shellPath = /bin/sh;
			shellScript = "diff \"${PODS_PODFILE_DIR_PATH}/Podfile.lock\" \"${PODS_ROOT}/Manifest.lock\" > /dev/null\nif [ $? != 0 ] ; then\n    # print error to STDERR\n    echo \"error: The sandbox is not in sync with the Podfile.lock. Run 'pod install' or update your CocoaPods installation.\" >&2\n    exit 1\nfi\n# This output is used by Xcode 'outputs' to avoid re-running this script phase.\necho \"SUCCESS\" > \"${SCRIPT_OUTPUT_FILE_0}\"\n";
			showEnvVarsInLog = 0;
		};
		9C172E2C0D2C1D143C75B617 /* [CP] Embed Pods Frameworks */ = {
			isa = PBXShellScriptBuildPhase;
			buildActionMask = 2147483647;
			files = (
			);
			inputPaths = (
				"${PODS_ROOT}/Target Support Files/Pods-HSL Nearest Departures WatchKit Extension/Pods-HSL Nearest Departures WatchKit Extension-frameworks.sh",
				"${BUILT_PRODUCTS_DIR}/NearestDeparturesDigitransit-watchOS3.0/NearestDeparturesDigitransit.framework",
			);
			name = "[CP] Embed Pods Frameworks";
			outputPaths = (
				"${TARGET_BUILD_DIR}/${FRAMEWORKS_FOLDER_PATH}/NearestDeparturesDigitransit.framework",
			);
			runOnlyForDeploymentPostprocessing = 0;
			shellPath = /bin/sh;
			shellScript = "\"${PODS_ROOT}/Target Support Files/Pods-HSL Nearest Departures WatchKit Extension/Pods-HSL Nearest Departures WatchKit Extension-frameworks.sh\"\n";
			showEnvVarsInLog = 0;
		};
/* End PBXShellScriptBuildPhase section */

/* Begin PBXSourcesBuildPhase section */
		53E4ECAB1C2C06EC002F0107 /* Sources */ = {
			isa = PBXSourcesBuildPhase;
			buildActionMask = 2147483647;
			files = (
				5329C5941C70DF91000E24F9 /* NextDeparturesTableViewController.swift in Sources */,
				53C57D7E1D5F4EC1000F5BF1 /* LoadingIndicator.swift in Sources */,
				53536FB31D6A4EAE004970E4 /* StopMapViewController.swift in Sources */,
				537E54FA21C3C61C00DAE4E0 /* WatchSession.swift in Sources */,
				53C0F9D121A708DA0026D981 /* Products.swift in Sources */,
				53F638DB202972F200EDC17E /* ClusterStopsDataSource.swift in Sources */,
				53F638D92029720C00EDC17E /* FavoriteStopsDataSource.swift in Sources */,
				5349574D218437C3006007EC /* NoStopsLabel.swift in Sources */,
				5329C5961C70DFC9000E24F9 /* NextDepartureCell.swift in Sources */,
				5329E698219B247B00CF66B2 /* PremiumViewController.swift in Sources */,
				53AB83B021BA9E46007342CE /* MockIAPHelper.swift in Sources */,
				53EBAFAD20296DE100241EDF /* StopsTableViewControllerDelegate.swift in Sources */,
				530D88291FF79E3F0054E501 /* StopsTableViewController.swift in Sources */,
				5329C5921C70D448000E24F9 /* StopsTableCell.swift in Sources */,
				539B43E12269BF4100AE223E /* Departure+Extensions.swift in Sources */,
				539F1293219DBA5700D4CE6B /* AppTabBarController.swift in Sources */,
				53E4ECB31C2C06EC002F0107 /* AppDelegate.swift in Sources */,
				53C0F9D321A709750026D981 /* IAPHelper.swift in Sources */,
				53CC472D1F459DEC00C1BE9A /* AllStopsMapViewController.swift in Sources */,
				53EBAFAF20296F8000241EDF /* NearestStopsDataSource.swift in Sources */,
				53CC56961D590F45007828C8 /* FavoriteStops.swift in Sources */,
			);
			runOnlyForDeploymentPostprocessing = 0;
		};
		53E4ECBF1C2C06EC002F0107 /* Sources */ = {
			isa = PBXSourcesBuildPhase;
			buildActionMask = 2147483647;
			files = (
				53A698EA217CC4300027AF5C /* FavoriteStopsTests.swift in Sources */,
			);
			runOnlyForDeploymentPostprocessing = 0;
		};
		53E4ECCA1C2C06EC002F0107 /* Sources */ = {
			isa = PBXSourcesBuildPhase;
			buildActionMask = 2147483647;
			files = (
				53E4ECD31C2C06EC002F0107 /* NearestDeparturesUITests.swift in Sources */,
				53A698F1217CD2E20027AF5C /* DataFetchErrorUITests.swift in Sources */,
				53C0F9D521AD85370026D981 /* PremiumTabTests.swift in Sources */,
			);
			runOnlyForDeploymentPostprocessing = 0;
		};
		53E4ECE21C2C06EC002F0107 /* Sources */ = {
			isa = PBXSourcesBuildPhase;
			buildActionMask = 2147483647;
			files = (
				5322A51A21C5736300158292 /* StopsInterfaceController.swift in Sources */,
				53F536BB1C576A1C009C7039 /* NextDeparturesRow.swift in Sources */,
				53E4ECF21C2C06EC002F0107 /* NotificationController.swift in Sources */,
				536C435B1D42328700045CEF /* Util.swift in Sources */,
				53F198551C52DA3A0044D3A4 /* NextDeparturesInterfaceController.swift in Sources */,
				537E54FC21C3C72F00DAE4E0 /* WatchSession.swift in Sources */,
				539B43E32269C01400AE223E /* Departure+Extensions.swift in Sources */,
				535D39741C38140E008D59C3 /* NearestStopsInterfaceController.swift in Sources */,
				53E4ECF01C2C06EC002F0107 /* ExtensionDelegate.swift in Sources */,
				533E1C4E1C512963001EA50B /* NearestStopsRow.swift in Sources */,
			);
			runOnlyForDeploymentPostprocessing = 0;
		};
/* End PBXSourcesBuildPhase section */

/* Begin PBXTargetDependency section */
		53E4ECC51C2C06EC002F0107 /* PBXTargetDependency */ = {
			isa = PBXTargetDependency;
			target = 53E4ECAE1C2C06EC002F0107 /* HSL Nearest Departures */;
			targetProxy = 53E4ECC41C2C06EC002F0107 /* PBXContainerItemProxy */;
		};
		53E4ECD01C2C06EC002F0107 /* PBXTargetDependency */ = {
			isa = PBXTargetDependency;
			target = 53E4ECAE1C2C06EC002F0107 /* HSL Nearest Departures */;
			targetProxy = 53E4ECCF1C2C06EC002F0107 /* PBXContainerItemProxy */;
		};
		53E4ECDA1C2C06EC002F0107 /* PBXTargetDependency */ = {
			isa = PBXTargetDependency;
			target = 53E4ECD61C2C06EC002F0107 /* HSL Nearest Departures WatchKit App */;
			targetProxy = 53E4ECD91C2C06EC002F0107 /* PBXContainerItemProxy */;
		};
		53E4ECE91C2C06EC002F0107 /* PBXTargetDependency */ = {
			isa = PBXTargetDependency;
			target = 53E4ECE51C2C06EC002F0107 /* HSL Nearest Departures WatchKit Extension */;
			targetProxy = 53E4ECE81C2C06EC002F0107 /* PBXContainerItemProxy */;
		};
/* End PBXTargetDependency section */

/* Begin PBXVariantGroup section */
		5300420D20FE1AE600790623 /* Localizable.strings */ = {
			isa = PBXVariantGroup;
			children = (
				5300420C20FE1AE600790623 /* fi */,
				5300420E20FE1AEC00790623 /* en */,
			);
			name = Localizable.strings;
			sourceTree = "<group>";
		};
		5300420F20FE8E1500790623 /* InfoPlist.strings */ = {
			isa = PBXVariantGroup;
			children = (
				5300421020FE8E1500790623 /* Base */,
				5300421320FE8E3800790623 /* fi */,
				5300421420FE94EC00790623 /* en */,
			);
			name = InfoPlist.strings;
			sourceTree = "<group>";
		};
		53E4ECB61C2C06EC002F0107 /* Main.storyboard */ = {
			isa = PBXVariantGroup;
			children = (
				53E4ECB71C2C06EC002F0107 /* Base */,
				5300420620FE181900790623 /* fi */,
			);
			name = Main.storyboard;
			sourceTree = "<group>";
		};
		53E4ECBB1C2C06EC002F0107 /* LaunchScreen.storyboard */ = {
			isa = PBXVariantGroup;
			children = (
				53E4ECBC1C2C06EC002F0107 /* Base */,
				5300420720FE181A00790623 /* fi */,
			);
			name = LaunchScreen.storyboard;
			sourceTree = "<group>";
		};
		53E4ECDC1C2C06EC002F0107 /* Interface.storyboard */ = {
			isa = PBXVariantGroup;
			children = (
				53E4ECDD1C2C06EC002F0107 /* Base */,
				5300420820FE181A00790623 /* fi */,
			);
			name = Interface.storyboard;
			sourceTree = "<group>";
		};
/* End PBXVariantGroup section */

/* Begin XCBuildConfiguration section */
		53E4ECF61C2C06EC002F0107 /* Debug */ = {
			isa = XCBuildConfiguration;
			buildSettings = {
				ALWAYS_SEARCH_USER_PATHS = NO;
				CLANG_ANALYZER_LOCALIZABILITY_NONLOCALIZED = YES;
				CLANG_CXX_LANGUAGE_STANDARD = "gnu++0x";
				CLANG_CXX_LIBRARY = "libc++";
				CLANG_ENABLE_MODULES = YES;
				CLANG_ENABLE_OBJC_ARC = YES;
				CLANG_WARN_BLOCK_CAPTURE_AUTORELEASING = YES;
				CLANG_WARN_BOOL_CONVERSION = YES;
				CLANG_WARN_COMMA = YES;
				CLANG_WARN_CONSTANT_CONVERSION = YES;
				CLANG_WARN_DEPRECATED_OBJC_IMPLEMENTATIONS = YES;
				CLANG_WARN_DIRECT_OBJC_ISA_USAGE = YES_ERROR;
				CLANG_WARN_EMPTY_BODY = YES;
				CLANG_WARN_ENUM_CONVERSION = YES;
				CLANG_WARN_INFINITE_RECURSION = YES;
				CLANG_WARN_INT_CONVERSION = YES;
				CLANG_WARN_NON_LITERAL_NULL_CONVERSION = YES;
				CLANG_WARN_OBJC_IMPLICIT_RETAIN_SELF = YES;
				CLANG_WARN_OBJC_LITERAL_CONVERSION = YES;
				CLANG_WARN_OBJC_ROOT_CLASS = YES_ERROR;
				CLANG_WARN_RANGE_LOOP_ANALYSIS = YES;
				CLANG_WARN_STRICT_PROTOTYPES = YES;
				CLANG_WARN_SUSPICIOUS_MOVE = YES;
				CLANG_WARN_UNREACHABLE_CODE = YES;
				CLANG_WARN__DUPLICATE_METHOD_MATCH = YES;
				"CODE_SIGN_IDENTITY[sdk=iphoneos*]" = "iPhone Developer";
				COPY_PHASE_STRIP = NO;
				DEBUG_INFORMATION_FORMAT = dwarf;
				ENABLE_STRICT_OBJC_MSGSEND = YES;
				ENABLE_TESTABILITY = YES;
				FRAMEWORK_SEARCH_PATHS = "$(SRCROOT)/**";
				GCC_C_LANGUAGE_STANDARD = gnu99;
				GCC_DYNAMIC_NO_PIC = NO;
				GCC_NO_COMMON_BLOCKS = YES;
				GCC_OPTIMIZATION_LEVEL = 0;
				GCC_PREPROCESSOR_DEFINITIONS = (
					"DEBUG=1",
					"$(inherited)",
				);
				GCC_WARN_64_TO_32_BIT_CONVERSION = YES;
				GCC_WARN_ABOUT_RETURN_TYPE = YES_ERROR;
				GCC_WARN_UNDECLARED_SELECTOR = YES;
				GCC_WARN_UNINITIALIZED_AUTOS = YES_AGGRESSIVE;
				GCC_WARN_UNUSED_FUNCTION = YES;
				GCC_WARN_UNUSED_VARIABLE = YES;
				IPHONEOS_DEPLOYMENT_TARGET = 10.0;
				MTL_ENABLE_DEBUG_INFO = YES;
				ONLY_ACTIVE_ARCH = YES;
				SDKROOT = iphoneos;
				SWIFT_OPTIMIZATION_LEVEL = "-Onone";
				SWIFT_VERSION = 4.0;
				TARGETED_DEVICE_FAMILY = "1,2";
			};
			name = Debug;
		};
		53E4ECF71C2C06EC002F0107 /* Release */ = {
			isa = XCBuildConfiguration;
			buildSettings = {
				ALWAYS_SEARCH_USER_PATHS = NO;
				CLANG_ANALYZER_LOCALIZABILITY_NONLOCALIZED = YES;
				CLANG_CXX_LANGUAGE_STANDARD = "gnu++0x";
				CLANG_CXX_LIBRARY = "libc++";
				CLANG_ENABLE_MODULES = YES;
				CLANG_ENABLE_OBJC_ARC = YES;
				CLANG_WARN_BLOCK_CAPTURE_AUTORELEASING = YES;
				CLANG_WARN_BOOL_CONVERSION = YES;
				CLANG_WARN_COMMA = YES;
				CLANG_WARN_CONSTANT_CONVERSION = YES;
				CLANG_WARN_DEPRECATED_OBJC_IMPLEMENTATIONS = YES;
				CLANG_WARN_DIRECT_OBJC_ISA_USAGE = YES_ERROR;
				CLANG_WARN_EMPTY_BODY = YES;
				CLANG_WARN_ENUM_CONVERSION = YES;
				CLANG_WARN_INFINITE_RECURSION = YES;
				CLANG_WARN_INT_CONVERSION = YES;
				CLANG_WARN_NON_LITERAL_NULL_CONVERSION = YES;
				CLANG_WARN_OBJC_IMPLICIT_RETAIN_SELF = YES;
				CLANG_WARN_OBJC_LITERAL_CONVERSION = YES;
				CLANG_WARN_OBJC_ROOT_CLASS = YES_ERROR;
				CLANG_WARN_RANGE_LOOP_ANALYSIS = YES;
				CLANG_WARN_STRICT_PROTOTYPES = YES;
				CLANG_WARN_SUSPICIOUS_MOVE = YES;
				CLANG_WARN_UNREACHABLE_CODE = YES;
				CLANG_WARN__DUPLICATE_METHOD_MATCH = YES;
				"CODE_SIGN_IDENTITY[sdk=iphoneos*]" = "iPhone Developer";
				COPY_PHASE_STRIP = NO;
				DEBUG_INFORMATION_FORMAT = "dwarf-with-dsym";
				ENABLE_NS_ASSERTIONS = NO;
				ENABLE_STRICT_OBJC_MSGSEND = YES;
				FRAMEWORK_SEARCH_PATHS = "$(SRCROOT)/**";
				GCC_C_LANGUAGE_STANDARD = gnu99;
				GCC_NO_COMMON_BLOCKS = YES;
				GCC_WARN_64_TO_32_BIT_CONVERSION = YES;
				GCC_WARN_ABOUT_RETURN_TYPE = YES_ERROR;
				GCC_WARN_UNDECLARED_SELECTOR = YES;
				GCC_WARN_UNINITIALIZED_AUTOS = YES_AGGRESSIVE;
				GCC_WARN_UNUSED_FUNCTION = YES;
				GCC_WARN_UNUSED_VARIABLE = YES;
				IPHONEOS_DEPLOYMENT_TARGET = 10.0;
				MTL_ENABLE_DEBUG_INFO = NO;
				SDKROOT = iphoneos;
				SWIFT_OPTIMIZATION_LEVEL = "-Owholemodule";
				SWIFT_VERSION = 4.0;
				TARGETED_DEVICE_FAMILY = "1,2";
				VALIDATE_PRODUCT = YES;
			};
			name = Release;
		};
		53E4ECF91C2C06EC002F0107 /* Debug */ = {
			isa = XCBuildConfiguration;
			baseConfigurationReference = 20AC0637C9C3AAA4A5393498 /* Pods-HSL Nearest Departures WatchKit Extension.debug.xcconfig */;
			buildSettings = {
				CODE_SIGN_IDENTITY = "iPhone Developer";
				"CODE_SIGN_IDENTITY[sdk=watchos*]" = "iPhone Developer";
				INFOPLIST_FILE = "HSL Nearest Departures WatchKit Extension/Info.plist";
				LD_RUNPATH_SEARCH_PATHS = "$(inherited) @executable_path/Frameworks @executable_path/../../Frameworks";
				PRODUCT_BUNDLE_IDENTIFIER = "com.suominentoni.HSL-Nearest-Departures2.watchkitapp.watchkitextension";
				PRODUCT_NAME = "${TARGET_NAME}";
				PROVISIONING_PROFILE = "";
				SDKROOT = watchos;
				SKIP_INSTALL = YES;
				SWIFT_VERSION = 5.0;
				TARGETED_DEVICE_FAMILY = 4;
				WATCHOS_DEPLOYMENT_TARGET = 3.0;
			};
			name = Debug;
		};
		53E4ECFA1C2C06EC002F0107 /* Release */ = {
			isa = XCBuildConfiguration;
			baseConfigurationReference = 1C1545592905D5383A007D58 /* Pods-HSL Nearest Departures WatchKit Extension.release.xcconfig */;
			buildSettings = {
				CODE_SIGN_IDENTITY = "iPhone Developer";
				"CODE_SIGN_IDENTITY[sdk=watchos*]" = "iPhone Developer";
				INFOPLIST_FILE = "HSL Nearest Departures WatchKit Extension/Info.plist";
				LD_RUNPATH_SEARCH_PATHS = "$(inherited) @executable_path/Frameworks @executable_path/../../Frameworks";
				PRODUCT_BUNDLE_IDENTIFIER = "com.suominentoni.HSL-Nearest-Departures2.watchkitapp.watchkitextension";
				PRODUCT_NAME = "${TARGET_NAME}";
				PROVISIONING_PROFILE = "";
				SDKROOT = watchos;
				SKIP_INSTALL = YES;
				SWIFT_VERSION = 5.0;
				TARGETED_DEVICE_FAMILY = 4;
				WATCHOS_DEPLOYMENT_TARGET = 3.0;
			};
			name = Release;
		};
		53E4ECFD1C2C06EC002F0107 /* Debug */ = {
			isa = XCBuildConfiguration;
			buildSettings = {
				ALWAYS_EMBED_SWIFT_STANDARD_LIBRARIES = NO;
				ASSETCATALOG_COMPILER_APPICON_NAME = AppIcon;
				CLANG_ENABLE_MODULES = YES;
				CODE_SIGN_IDENTITY = "iPhone Developer";
				"CODE_SIGN_IDENTITY[sdk=watchos*]" = "iPhone Developer";
				IBSC_MODULE = HSL_Nearest_Departures_WatchKit_Extension;
				INFOPLIST_FILE = "HSL Nearest Departures WatchKit App/Info.plist";
				LD_RUNPATH_SEARCH_PATHS = "$(inherited) @executable_path/../Frameworks @loader_path/../Frameworks";
				PRODUCT_BUNDLE_IDENTIFIER = "com.suominentoni.HSL-Nearest-Departures2.watchkitapp";
				PRODUCT_NAME = "$(TARGET_NAME)";
				PROVISIONING_PROFILE = "";
				SDKROOT = watchos;
				SKIP_INSTALL = YES;
				SWIFT_OBJC_BRIDGING_HEADER = "HSL Nearest Departures WatchKit Extension/HSL Nearest Departures WatchKit App-Bridging-Header.h";
				SWIFT_OPTIMIZATION_LEVEL = "-Onone";
				SWIFT_SWIFT3_OBJC_INFERENCE = On;
				SWIFT_VERSION = 4.0;
				TARGETED_DEVICE_FAMILY = 4;
				WATCHOS_DEPLOYMENT_TARGET = 3.0;
			};
			name = Debug;
		};
		53E4ECFE1C2C06EC002F0107 /* Release */ = {
			isa = XCBuildConfiguration;
			buildSettings = {
				ALWAYS_EMBED_SWIFT_STANDARD_LIBRARIES = NO;
				ASSETCATALOG_COMPILER_APPICON_NAME = AppIcon;
				CLANG_ENABLE_MODULES = YES;
				CODE_SIGN_IDENTITY = "iPhone Developer";
				"CODE_SIGN_IDENTITY[sdk=watchos*]" = "iPhone Developer";
				IBSC_MODULE = HSL_Nearest_Departures_WatchKit_Extension;
				INFOPLIST_FILE = "HSL Nearest Departures WatchKit App/Info.plist";
				LD_RUNPATH_SEARCH_PATHS = "$(inherited) @executable_path/../Frameworks @loader_path/../Frameworks";
				PRODUCT_BUNDLE_IDENTIFIER = "com.suominentoni.HSL-Nearest-Departures2.watchkitapp";
				PRODUCT_NAME = "$(TARGET_NAME)";
				PROVISIONING_PROFILE = "";
				SDKROOT = watchos;
				SKIP_INSTALL = YES;
				SWIFT_OBJC_BRIDGING_HEADER = "HSL Nearest Departures WatchKit Extension/HSL Nearest Departures WatchKit App-Bridging-Header.h";
				SWIFT_SWIFT3_OBJC_INFERENCE = On;
				SWIFT_VERSION = 4.0;
				TARGETED_DEVICE_FAMILY = 4;
				WATCHOS_DEPLOYMENT_TARGET = 3.0;
			};
			name = Release;
		};
		53E4ED011C2C06EC002F0107 /* Debug */ = {
			isa = XCBuildConfiguration;
			baseConfigurationReference = AAB59B41D98889A20931D620 /* Pods-HSL Nearest Departures.debug.xcconfig */;
			buildSettings = {
				ASSETCATALOG_COMPILER_APPICON_NAME = AppIcon;
				CLANG_ENABLE_MODULES = YES;
				CODE_SIGN_IDENTITY = "iPhone Developer";
				"CODE_SIGN_IDENTITY[sdk=iphoneos*]" = "iPhone Developer";
				DEBUG_INFORMATION_FORMAT = "dwarf-with-dsym";
				GCC_SYMBOLS_PRIVATE_EXTERN = NO;
				IBSC_MODULE = "$(PRODUCT_MODULE_NAME)";
				INFOPLIST_FILE = "HSL Nearest Departures/Info.plist";
				IPHONEOS_DEPLOYMENT_TARGET = 9.3;
				LD_RUNPATH_SEARCH_PATHS = "$(inherited) @executable_path/Frameworks";
				PRODUCT_BUNDLE_IDENTIFIER = "com.suominentoni.HSL-Nearest-Departures2";
				PRODUCT_MODULE_NAME = Lahimmat_Lahdot;
				PRODUCT_NAME = "Lähimmät Lähdöt";
				PROVISIONING_PROFILE = "";
				SWIFT_OPTIMIZATION_LEVEL = "-Onone";
				SWIFT_VERSION = 5.0;
			};
			name = Debug;
		};
		53E4ED021C2C06EC002F0107 /* Release */ = {
			isa = XCBuildConfiguration;
			baseConfigurationReference = FA9FD9B80104D409429114F4 /* Pods-HSL Nearest Departures.release.xcconfig */;
			buildSettings = {
				ASSETCATALOG_COMPILER_APPICON_NAME = AppIcon;
				CLANG_ENABLE_MODULES = YES;
				CODE_SIGN_IDENTITY = "iPhone Developer";
				"CODE_SIGN_IDENTITY[sdk=iphoneos*]" = "iPhone Developer";
				DEBUG_INFORMATION_FORMAT = "dwarf-with-dsym";
				GCC_SYMBOLS_PRIVATE_EXTERN = NO;
				IBSC_MODULE = "$(PRODUCT_MODULE_NAME)";
				INFOPLIST_FILE = "HSL Nearest Departures/Info.plist";
				IPHONEOS_DEPLOYMENT_TARGET = 9.3;
				LD_RUNPATH_SEARCH_PATHS = "$(inherited) @executable_path/Frameworks";
				PRODUCT_BUNDLE_IDENTIFIER = "com.suominentoni.HSL-Nearest-Departures2";
				PRODUCT_MODULE_NAME = Lahimmat_Lahdot;
				PRODUCT_NAME = "Lähimmät Lähdöt";
				PROVISIONING_PROFILE = "";
				SWIFT_VERSION = 5.0;
			};
			name = Release;
		};
		53E4ED041C2C06EC002F0107 /* Debug */ = {
			isa = XCBuildConfiguration;
			baseConfigurationReference = BA23433F43AEC5F83668722F /* Pods-HSL Nearest DeparturesTests.debug.xcconfig */;
			buildSettings = {
				BUNDLE_LOADER = "$(TEST_HOST)";
				INFOPLIST_FILE = "HSL Nearest DeparturesTests/Info.plist";
				LD_RUNPATH_SEARCH_PATHS = "$(inherited) @executable_path/Frameworks @loader_path/Frameworks";
				PRODUCT_BUNDLE_IDENTIFIER = "suominentoni.HSL-Nearest-DeparturesTests";
				PRODUCT_NAME = "$(TARGET_NAME)";
				SWIFT_VERSION = 5.0;
				TEST_HOST = "$(BUILT_PRODUCTS_DIR)/Lähimmät Lähdöt.app/Lähimmät Lähdöt";
			};
			name = Debug;
		};
		53E4ED051C2C06EC002F0107 /* Release */ = {
			isa = XCBuildConfiguration;
			baseConfigurationReference = A374D493A934579B1E266CE6 /* Pods-HSL Nearest DeparturesTests.release.xcconfig */;
			buildSettings = {
				BUNDLE_LOADER = "$(TEST_HOST)";
				INFOPLIST_FILE = "HSL Nearest DeparturesTests/Info.plist";
				LD_RUNPATH_SEARCH_PATHS = "$(inherited) @executable_path/Frameworks @loader_path/Frameworks";
				PRODUCT_BUNDLE_IDENTIFIER = "suominentoni.HSL-Nearest-DeparturesTests";
				PRODUCT_NAME = "$(TARGET_NAME)";
				SWIFT_VERSION = 5.0;
				TEST_HOST = "$(BUILT_PRODUCTS_DIR)/Lähimmät Lähdöt.app/Lähimmät Lähdöt";
			};
			name = Release;
		};
		53E4ED071C2C06EC002F0107 /* Debug */ = {
			isa = XCBuildConfiguration;
			buildSettings = {
				INFOPLIST_FILE = "HSL Nearest DeparturesUITests/Info.plist";
				LD_RUNPATH_SEARCH_PATHS = "$(inherited) @executable_path/Frameworks @loader_path/Frameworks";
				PRODUCT_BUNDLE_IDENTIFIER = "suominentoni.HSL-Nearest-DeparturesUITests";
				PRODUCT_NAME = "$(TARGET_NAME)";
				SWIFT_VERSION = 5.0;
				TEST_TARGET_NAME = "HSL Nearest Departures";
				USES_XCTRUNNER = YES;
			};
			name = Debug;
		};
		53E4ED081C2C06EC002F0107 /* Release */ = {
			isa = XCBuildConfiguration;
			buildSettings = {
				INFOPLIST_FILE = "HSL Nearest DeparturesUITests/Info.plist";
				LD_RUNPATH_SEARCH_PATHS = "$(inherited) @executable_path/Frameworks @loader_path/Frameworks";
				PRODUCT_BUNDLE_IDENTIFIER = "suominentoni.HSL-Nearest-DeparturesUITests";
				PRODUCT_NAME = "$(TARGET_NAME)";
				SWIFT_VERSION = 5.0;
				TEST_TARGET_NAME = "HSL Nearest Departures";
				USES_XCTRUNNER = YES;
			};
			name = Release;
		};
/* End XCBuildConfiguration section */

/* Begin XCConfigurationList section */
		53E4ECAA1C2C06EC002F0107 /* Build configuration list for PBXProject "HSL Nearest Departures" */ = {
			isa = XCConfigurationList;
			buildConfigurations = (
				53E4ECF61C2C06EC002F0107 /* Debug */,
				53E4ECF71C2C06EC002F0107 /* Release */,
			);
			defaultConfigurationIsVisible = 0;
			defaultConfigurationName = Release;
		};
		53E4ECF81C2C06EC002F0107 /* Build configuration list for PBXNativeTarget "HSL Nearest Departures WatchKit Extension" */ = {
			isa = XCConfigurationList;
			buildConfigurations = (
				53E4ECF91C2C06EC002F0107 /* Debug */,
				53E4ECFA1C2C06EC002F0107 /* Release */,
			);
			defaultConfigurationIsVisible = 0;
			defaultConfigurationName = Release;
		};
		53E4ECFC1C2C06EC002F0107 /* Build configuration list for PBXNativeTarget "HSL Nearest Departures WatchKit App" */ = {
			isa = XCConfigurationList;
			buildConfigurations = (
				53E4ECFD1C2C06EC002F0107 /* Debug */,
				53E4ECFE1C2C06EC002F0107 /* Release */,
			);
			defaultConfigurationIsVisible = 0;
			defaultConfigurationName = Release;
		};
		53E4ED001C2C06EC002F0107 /* Build configuration list for PBXNativeTarget "HSL Nearest Departures" */ = {
			isa = XCConfigurationList;
			buildConfigurations = (
				53E4ED011C2C06EC002F0107 /* Debug */,
				53E4ED021C2C06EC002F0107 /* Release */,
			);
			defaultConfigurationIsVisible = 0;
			defaultConfigurationName = Release;
		};
		53E4ED031C2C06EC002F0107 /* Build configuration list for PBXNativeTarget "HSL Nearest DeparturesTests" */ = {
			isa = XCConfigurationList;
			buildConfigurations = (
				53E4ED041C2C06EC002F0107 /* Debug */,
				53E4ED051C2C06EC002F0107 /* Release */,
			);
			defaultConfigurationIsVisible = 0;
			defaultConfigurationName = Release;
		};
		53E4ED061C2C06EC002F0107 /* Build configuration list for PBXNativeTarget "HSL Nearest DeparturesUITests" */ = {
			isa = XCConfigurationList;
			buildConfigurations = (
				53E4ED071C2C06EC002F0107 /* Debug */,
				53E4ED081C2C06EC002F0107 /* Release */,
			);
			defaultConfigurationIsVisible = 0;
			defaultConfigurationName = Release;
		};
/* End XCConfigurationList section */
	};
	rootObject = 53E4ECA71C2C06EC002F0107 /* Project object */;
}
